
Microsoft Visual Studio Solution File, Format Version 12.00
# Visual Studio Version 16
VisualStudioVersion = 16.0.31205.134
MinimumVisualStudioVersion = 10.0.40219.1
Project("{FAE04EC0-301F-11D3-BF4B-00C04F79EFBC}") = "ConsoleApp1", "ConsoleApp1\ConsoleApp1.csproj", "{3A9D4462-4EF5-47D9-9CA9-2A5D896BC368}"
EndProject
Global
	GlobalSection(SolutionConfigurationPlatforms) = preSolution
		Debug|Any CPU = Debug|Any CPU
		Release|Any CPU = Release|Any CPU
	EndGlobalSection
	GlobalSection(ProjectConfigurationPlatforms) = postSolution
		{3A9D4462-4EF5-47D9-9CA9-2A5D896BC368}.Debug|Any CPU.ActiveCfg = Debug|Any CPU
		{3A9D4462-4EF5-47D9-9CA9-2A5D896BC368}.Debug|Any CPU.Build.0 = Debug|Any CPU
		{3A9D4462-4EF5-47D9-9CA9-2A5D896BC368}.Release|Any CPU.ActiveCfg = Release|Any CPU
		{3A9D4462-4EF5-47D9-9CA9-2A5D896BC368}.Release|Any CPU.Build.0 = Release|Any CPU
	EndGlobalSection
	GlobalSection(SolutionProperties) = preSolution
		HideSolutionNode = FALSE
	EndGlobalSection
	GlobalSection(ExtensibilityGlobals) = postSolution
		SolutionGuid = {EBAF5334-FA46-47D8-AEB7-522E1A265CA1}
	EndGlobalSection
EndGlobal
